
Microsoft Visual Studio Solution File, Format Version 12.00
# Visual Studio 14
VisualStudioVersion = 14.0.23107.0
MinimumVisualStudioVersion = 10.0.40219.1
Project("{FAE04EC0-301F-11D3-BF4B-00C04F79EFBC}") = "XF.MIS.Template", "XF.MIS.Template\XF.MIS.Template.csproj", "{A31C0CDB-573D-477A-A9A4-BF9B91AE44EF}"
EndProject
Project("{FAE04EC0-301F-11D3-BF4B-00C04F79EFBC}") = "XF.MIS.TemplateWizard", "XF.MIS.TemplateWizard\XF.MIS.TemplateWizard.csproj", "{30DE1B0D-413C-4B59-B6AD-76AF23ED82CB}"
EndProject
Project("{FAE04EC0-301F-11D3-BF4B-00C04F79EFBC}") = "XF.MIS.TemplateVSIX", "XF.MIS.TemplateVSIX\XF.MIS.TemplateVSIX.csproj", "{6CAC0882-0FBC-416B-ABDA-8855CC77006A}"
EndProject
Global
	GlobalSection(SolutionConfigurationPlatforms) = preSolution
		Debug|Any CPU = Debug|Any CPU
		Release|Any CPU = Release|Any CPU
	EndGlobalSection
	GlobalSection(ProjectConfigurationPlatforms) = postSolution
		{A31C0CDB-573D-477A-A9A4-BF9B91AE44EF}.Debug|Any CPU.ActiveCfg = Debug|Any CPU
		{A31C0CDB-573D-477A-A9A4-BF9B91AE44EF}.Debug|Any CPU.Build.0 = Debug|Any CPU
		{A31C0CDB-573D-477A-A9A4-BF9B91AE44EF}.Release|Any CPU.ActiveCfg = Release|Any CPU
		{A31C0CDB-573D-477A-A9A4-BF9B91AE44EF}.Release|Any CPU.Build.0 = Release|Any CPU
		{30DE1B0D-413C-4B59-B6AD-76AF23ED82CB}.Debug|Any CPU.ActiveCfg = Debug|Any CPU
		{30DE1B0D-413C-4B59-B6AD-76AF23ED82CB}.Debug|Any CPU.Build.0 = Debug|Any CPU
		{30DE1B0D-413C-4B59-B6AD-76AF23ED82CB}.Release|Any CPU.ActiveCfg = Release|Any CPU
		{30DE1B0D-413C-4B59-B6AD-76AF23ED82CB}.Release|Any CPU.Build.0 = Release|Any CPU
		{6CAC0882-0FBC-416B-ABDA-8855CC77006A}.Debug|Any CPU.ActiveCfg = Debug|Any CPU
		{6CAC0882-0FBC-416B-ABDA-8855CC77006A}.Debug|Any CPU.Build.0 = Debug|Any CPU
		{6CAC0882-0FBC-416B-ABDA-8855CC77006A}.Release|Any CPU.ActiveCfg = Release|Any CPU
		{6CAC0882-0FBC-416B-ABDA-8855CC77006A}.Release|Any CPU.Build.0 = Release|Any CPU
	EndGlobalSection
	GlobalSection(SolutionProperties) = preSolution
		HideSolutionNode = FALSE
	EndGlobalSection
EndGlobal
